
Microsoft Visual Studio Solution File, Format Version 12.00
# Visual Studio Version 17
VisualStudioVersion = 17.6.33815.320
MinimumVisualStudioVersion = 10.0.40219.1
Project("{9A19103F-16F7-4668-BE54-9A1E7A4F7556}") = "LeetCode", "LeetCode.csproj", "{8465637F-EB4C-4CB0-BD2E-DB718E774FCB}"
EndProject
Global
	GlobalSection(SolutionConfigurationPlatforms) = preSolution
		Debug|Any CPU = Debug|Any CPU
		Release|Any CPU = Release|Any CPU
	EndGlobalSection
	GlobalSection(ProjectConfigurationPlatforms) = postSolution
		{8465637F-EB4C-4CB0-BD2E-DB718E774FCB}.Debug|Any CPU.ActiveCfg = Debug|Any CPU
		{8465637F-EB4C-4CB0-BD2E-DB718E774FCB}.Debug|Any CPU.Build.0 = Debug|Any CPU
		{8465637F-EB4C-4CB0-BD2E-DB718E774FCB}.Release|Any CPU.ActiveCfg = Release|Any CPU
		{8465637F-EB4C-4CB0-BD2E-DB718E774FCB}.Release|Any CPU.Build.0 = Release|Any CPU
	EndGlobalSection
	GlobalSection(SolutionProperties) = preSolution
		HideSolutionNode = FALSE
	EndGlobalSection
	GlobalSection(ExtensibilityGlobals) = postSolution
		SolutionGuid = {E137AF23-23BD-4430-AC5E-24065C4202C6}
	EndGlobalSection
EndGlobal
